
Microsoft Visual Studio Solution File, Format Version 12.00
# Visual Studio Version 17
VisualStudioVersion = 17.2.32616.157
MinimumVisualStudioVersion = 10.0.40219.1
Project("{8BC9CEB8-8B4A-11D0-8D11-00A0C91BC942}") = "8.16 ptrstr", "8.16 ptrstr\8.16 ptrstr.vcxproj", "{945FCCCA-2DE8-4F03-B885-8F01490B13CC}"
EndProject
Global
	GlobalSection(SolutionConfigurationPlatforms) = preSolution
		Debug|x64 = Debug|x64
		Debug|x86 = Debug|x86
		Release|x64 = Release|x64
		Release|x86 = Release|x86
	EndGlobalSection
	GlobalSection(ProjectConfigurationPlatforms) = postSolution
		{945FCCCA-2DE8-4F03-B885-8F01490B13CC}.Debug|x64.ActiveCfg = Debug|x64
		{945FCCCA-2DE8-4F03-B885-8F01490B13CC}.Debug|x64.Build.0 = Debug|x64
		{945FCCCA-2DE8-4F03-B885-8F01490B13CC}.Debug|x86.ActiveCfg = Debug|Win32
		{945FCCCA-2DE8-4F03-B885-8F01490B13CC}.Debug|x86.Build.0 = Debug|Win32
		{945FCCCA-2DE8-4F03-B885-8F01490B13CC}.Release|x64.ActiveCfg = Release|x64
		{945FCCCA-2DE8-4F03-B885-8F01490B13CC}.Release|x64.Build.0 = Release|x64
		{945FCCCA-2DE8-4F03-B885-8F01490B13CC}.Release|x86.ActiveCfg = Release|Win32
		{945FCCCA-2DE8-4F03-B885-8F01490B13CC}.Release|x86.Build.0 = Release|Win32
	EndGlobalSection
	GlobalSection(SolutionProperties) = preSolution
		HideSolutionNode = FALSE
	EndGlobalSection
	GlobalSection(ExtensibilityGlobals) = postSolution
		SolutionGuid = {639D66AF-6DD5-4599-851A-086B01E05231}
	EndGlobalSection
EndGlobal
